{
  "name": "template_sasonly",
  "version": "1.0.0",
  "lockfileVersion": 2,
  "requires": true,
  "packages": {
    "": {
      "name": "template_sasonly",
      "version": "1.0.0",
      "license": "ISC",
      "dependencies": {
        "@sasjs/core": "^1.12.3"
      }
    },
    "node_modules/@sasjs/core": {
      "version": "1.12.3",
      "resolved": "https://registry.npmjs.org/@sasjs/core/-/core-1.12.3.tgz",
      "integrity": "sha512-5bQEK9afGTJiJElqgqzPvmhyck89V4Zy4sGYqiZdBu/CzSbJHUuyJbTqxybDewOfxyReiZMqlTjj6qH5OI7Fgg=="
    }
  },
  "dependencies": {
    "@sasjs/core": {
      "version": "1.12.3",
      "resolved": "https://registry.npmjs.org/@sasjs/core/-/core-1.12.3.tgz",
      "integrity": "sha512-5bQEK9afGTJiJElqgqzPvmhyck89V4Zy4sGYqiZdBu/CzSbJHUuyJbTqxybDewOfxyReiZMqlTjj6qH5OI7Fgg=="
    }
  }
}
