{
  "name": "template_jobs",
  "version": "1.0.0",
  "lockfileVersion": 2,
  "requires": true,
  "packages": {
    "": {
      "version": "1.0.0",
      "license": "ISC",
      "dependencies": {
        "@sasjs/core": "^2.9.3"
      }
    },
    "node_modules/@sasjs/core": {
      "version": "2.12.3",
      "resolved": "https://registry.npmjs.org/@sasjs/core/-/core-2.12.3.tgz",
      "integrity": "sha512-T7Qhs0wm+p9RRuFA38KAzinTZVYHJG6F2ug1nIoWetQv2O0hPnjDkxWqQzBIA9/SGw5irk642imPQuUTYASShw=="
    }
  },
  "dependencies": {
    "@sasjs/core": {
      "version": "2.12.3",
      "resolved": "https://registry.npmjs.org/@sasjs/core/-/core-2.12.3.tgz",
      "integrity": "sha512-T7Qhs0wm+p9RRuFA38KAzinTZVYHJG6F2ug1nIoWetQv2O0hPnjDkxWqQzBIA9/SGw5irk642imPQuUTYASShw=="
    }
  }
}
