{
  "name": "template_sasonly",
  "version": "2.0.0",
  "lockfileVersion": 1,
  "requires": true,
  "dependencies": {
    "@sasjs/core": {
      "version": "2.1.2",
      "resolved": "https://registry.npmjs.org/@sasjs/core/-/core-2.1.2.tgz",
      "integrity": "sha512-trj1l/MOJzYqVj0NrDKpisasBoJK5a26GvRLzCA5rdgx24Mu5buNBYhDro7Oywb1HMXyx4g3uGOLc/1Ce3StFg=="
    }
  }
}
